
Microsoft Visual Studio Solution File, Format Version 12.00
# Visual Studio Version 17
VisualStudioVersion = 17.3.32929.385
MinimumVisualStudioVersion = 10.0.40219.1
Project("{FAE04EC0-301F-11D3-BF4B-00C04F79EFBC}") = "Calculator", "Calculator.csproj", "{6B988121-65BE-403F-A3BC-A1D65BC55568}"
EndProject
Global
	GlobalSection(SolutionConfigurationPlatforms) = preSolution
		Debug|Any CPU = Debug|Any CPU
		Release|Any CPU = Release|Any CPU
	EndGlobalSection
	GlobalSection(ProjectConfigurationPlatforms) = postSolution
		{6B988121-65BE-403F-A3BC-A1D65BC55568}.Debug|Any CPU.ActiveCfg = Debug|Any CPU
		{6B988121-65BE-403F-A3BC-A1D65BC55568}.Debug|Any CPU.Build.0 = Debug|Any CPU
		{6B988121-65BE-403F-A3BC-A1D65BC55568}.Release|Any CPU.ActiveCfg = Release|Any CPU
		{6B988121-65BE-403F-A3BC-A1D65BC55568}.Release|Any CPU.Build.0 = Release|Any CPU
	EndGlobalSection
	GlobalSection(SolutionProperties) = preSolution
		HideSolutionNode = FALSE
	EndGlobalSection
	GlobalSection(ExtensibilityGlobals) = postSolution
		SolutionGuid = {260FA0C8-F94A-46DA-A827-274C2373A176}
	EndGlobalSection
EndGlobal
